
Microsoft Visual Studio Solution File, Format Version 12.00
# Visual Studio 14
VisualStudioVersion = 14.0.25420.1
MinimumVisualStudioVersion = 10.0.40219.1
Project("{FAE04EC0-301F-11D3-BF4B-00C04F79EFBC}") = "MediaFireSDK", "MediaFireSDK\MediaFireSDK.csproj", "{70C8FEAD-150F-4CB6-AADF-91F2B4613F9F}"
EndProject
Project("{FAE04EC0-301F-11D3-BF4B-00C04F79EFBC}") = "MediaFireSDK.Tests", "MediaFireSDK.Tests\MediaFireSDK.Tests.csproj", "{63127548-777F-4697-BDF9-9B270029E1FC}"
EndProject
Global
	GlobalSection(SolutionConfigurationPlatforms) = preSolution
		Debug|Any CPU = Debug|Any CPU
		Release|Any CPU = Release|Any CPU
	EndGlobalSection
	GlobalSection(ProjectConfigurationPlatforms) = postSolution
		{70C8FEAD-150F-4CB6-AADF-91F2B4613F9F}.Debug|Any CPU.ActiveCfg = Debug|Any CPU
		{70C8FEAD-150F-4CB6-AADF-91F2B4613F9F}.Debug|Any CPU.Build.0 = Debug|Any CPU
		{70C8FEAD-150F-4CB6-AADF-91F2B4613F9F}.Release|Any CPU.ActiveCfg = Release|Any CPU
		{70C8FEAD-150F-4CB6-AADF-91F2B4613F9F}.Release|Any CPU.Build.0 = Release|Any CPU
		{63127548-777F-4697-BDF9-9B270029E1FC}.Debug|Any CPU.ActiveCfg = Debug|Any CPU
		{63127548-777F-4697-BDF9-9B270029E1FC}.Debug|Any CPU.Build.0 = Debug|Any CPU
		{63127548-777F-4697-BDF9-9B270029E1FC}.Release|Any CPU.ActiveCfg = Release|Any CPU
		{63127548-777F-4697-BDF9-9B270029E1FC}.Release|Any CPU.Build.0 = Release|Any CPU
	EndGlobalSection
	GlobalSection(SolutionProperties) = preSolution
		HideSolutionNode = FALSE
	EndGlobalSection
EndGlobal
